{
  "object": {
    "pins": [
      {
        "package": "ListUtils",
        "repositoryURL": "https://github.com/gmoraleda/ListUtils",
        "state": {
          "branch": null,
          "revision": "c3480de63facb595a09ff88f0b878d897600f053",
          "version": "1.0.6"
        }
      }
    ]
  },
  "version": 1
}
